// !$*UTF8*$!
{
	archiveVersion = 1;
	classes = {
	};
	objectVersion = 50;
	objects = {

/* Begin PBXBuildFile section */
		141AC80E253C7004007BFB02 /* SudokuSolverApp.swift in Sources */ = {isa = PBXBuildFile; fileRef = 141AC80D253C7004007BFB02 /* SudokuSolverApp.swift */; };
		141AC810253C7004007BFB02 /* ContentView.swift in Sources */ = {isa = PBXBuildFile; fileRef = 141AC80F253C7004007BFB02 /* ContentView.swift */; };
		141AC812253C7005007BFB02 /* Assets.xcassets in Resources */ = {isa = PBXBuildFile; fileRef = 141AC811253C7005007BFB02 /* Assets.xcassets */; };
		141AC815253C7005007BFB02 /* Preview Assets.xcassets in Resources */ = {isa = PBXBuildFile; fileRef = 141AC814253C7005007BFB02 /* Preview Assets.xcassets */; };
		141AC820253C7005007BFB02 /* SudokuSolverTests.swift in Sources */ = {isa = PBXBuildFile; fileRef = 141AC81F253C7005007BFB02 /* SudokuSolverTests.swift */; };
		141AC82B253C7005007BFB02 /* SudokuSolverUITests.swift in Sources */ = {isa = PBXBuildFile; fileRef = 141AC82A253C7005007BFB02 /* SudokuSolverUITests.swift */; };
		141AC83F253C99E0007BFB02 /* CellTextField.swift in Sources */ = {isa = PBXBuildFile; fileRef = 141AC83E253C99E0007BFB02 /* CellTextField.swift */; };
		141AC847253C9C9F007BFB02 /* SudokuRow.swift in Sources */ = {isa = PBXBuildFile; fileRef = 141AC846253C9C9F007BFB02 /* SudokuRow.swift */; };
		146B04B02540894C007EE77D /* SudokuSolverAlgorithm.swift in Sources */ = {isa = PBXBuildFile; fileRef = 146B04AF2540894C007EE77D /* SudokuSolverAlgorithm.swift */; };
/* End PBXBuildFile section */

/* Begin PBXContainerItemProxy section */
		141AC81C253C7005007BFB02 /* PBXContainerItemProxy */ = {
			isa = PBXContainerItemProxy;
			containerPortal = 141AC802253C7004007BFB02 /* Project object */;
			proxyType = 1;
			remoteGlobalIDString = 141AC809253C7004007BFB02;
			remoteInfo = SudokuSolver;
		};
		141AC827253C7005007BFB02 /* PBXContainerItemProxy */ = {
			isa = PBXContainerItemProxy;
			containerPortal = 141AC802253C7004007BFB02 /* Project object */;
			proxyType = 1;
			remoteGlobalIDString = 141AC809253C7004007BFB02;
			remoteInfo = SudokuSolver;
		};
/* End PBXContainerItemProxy section */

/* Begin PBXFileReference section */
		141AC80A253C7004007BFB02 /* SudokuSolver.app */ = {isa = PBXFileReference; explicitFileType = wrapper.application; includeInIndex = 0; path = SudokuSolver.app; sourceTree = BUILT_PRODUCTS_DIR; };
		141AC80D253C7004007BFB02 /* SudokuSolverApp.swift */ = {isa = PBXFileReference; lastKnownFileType = sourcecode.swift; path = SudokuSolverApp.swift; sourceTree = "<group>"; };
		141AC80F253C7004007BFB02 /* ContentView.swift */ = {isa = PBXFileReference; lastKnownFileType = sourcecode.swift; path = ContentView.swift; sourceTree = "<group>"; };
		141AC811253C7005007BFB02 /* Assets.xcassets */ = {isa = PBXFileReference; lastKnownFileType = folder.assetcatalog; path = Assets.xcassets; sourceTree = "<group>"; };
		141AC814253C7005007BFB02 /* Preview Assets.xcassets */ = {isa = PBXFileReference; lastKnownFileType = folder.assetcatalog; path = "Preview Assets.xcassets"; sourceTree = "<group>"; };
		141AC816253C7005007BFB02 /* Info.plist */ = {isa = PBXFileReference; lastKnownFileType = text.plist.xml; path = Info.plist; sourceTree = "<group>"; };
		141AC81B253C7005007BFB02 /* SudokuSolverTests.xctest */ = {isa = PBXFileReference; explicitFileType = wrapper.cfbundle; includeInIndex = 0; path = SudokuSolverTests.xctest; sourceTree = BUILT_PRODUCTS_DIR; };
		141AC81F253C7005007BFB02 /* SudokuSolverTests.swift */ = {isa = PBXFileReference; lastKnownFileType = sourcecode.swift; path = SudokuSolverTests.swift; sourceTree = "<group>"; };
		141AC821253C7005007BFB02 /* Info.plist */ = {isa = PBXFileReference; lastKnownFileType = text.plist.xml; path = Info.plist; sourceTree = "<group>"; };
		141AC826253C7005007BFB02 /* SudokuSolverUITests.xctest */ = {isa = PBXFileReference; explicitFileType = wrapper.cfbundle; includeInIndex = 0; path = SudokuSolverUITests.xctest; sourceTree = BUILT_PRODUCTS_DIR; };
		141AC82A253C7005007BFB02 /* SudokuSolverUITests.swift */ = {isa = PBXFileReference; lastKnownFileType = sourcecode.swift; path = SudokuSolverUITests.swift; sourceTree = "<group>"; };
		141AC82C253C7005007BFB02 /* Info.plist */ = {isa = PBXFileReference; lastKnownFileType = text.plist.xml; path = Info.plist; sourceTree = "<group>"; };
		141AC83E253C99E0007BFB02 /* CellTextField.swift */ = {isa = PBXFileReference; lastKnownFileType = sourcecode.swift; path = CellTextField.swift; sourceTree = "<group>"; };
		141AC846253C9C9F007BFB02 /* SudokuRow.swift */ = {isa = PBXFileReference; lastKnownFileType = sourcecode.swift; path = SudokuRow.swift; sourceTree = "<group>"; };
		146B04AF2540894C007EE77D /* SudokuSolverAlgorithm.swift */ = {isa = PBXFileReference; lastKnownFileType = sourcecode.swift; path = SudokuSolverAlgorithm.swift; sourceTree = "<group>"; };
/* End PBXFileReference section */

/* Begin PBXFrameworksBuildPhase section */
		141AC807253C7004007BFB02 /* Frameworks */ = {
			isa = PBXFrameworksBuildPhase;
			buildActionMask = 2147483647;
			files = (
			);
			runOnlyForDeploymentPostprocessing = 0;
		};
		141AC818253C7005007BFB02 /* Frameworks */ = {
			isa = PBXFrameworksBuildPhase;
			buildActionMask = 2147483647;
			files = (
			);
			runOnlyForDeploymentPostprocessing = 0;
		};
		141AC823253C7005007BFB02 /* Frameworks */ = {
			isa = PBXFrameworksBuildPhase;
			buildActionMask = 2147483647;
			files = (
			);
			runOnlyForDeploymentPostprocessing = 0;
		};
/* End PBXFrameworksBuildPhase section */

/* Begin PBXGroup section */
		141AC801253C7004007BFB02 = {
			isa = PBXGroup;
			children = (
				141AC80C253C7004007BFB02 /* SudokuSolver */,
				141AC81E253C7005007BFB02 /* SudokuSolverTests */,
				141AC829253C7005007BFB02 /* SudokuSolverUITests */,
				141AC80B253C7004007BFB02 /* Products */,
			);
			sourceTree = "<group>";
		};
		141AC80B253C7004007BFB02 /* Products */ = {
			isa = PBXGroup;
			children = (
				141AC80A253C7004007BFB02 /* SudokuSolver.app */,
				141AC81B253C7005007BFB02 /* SudokuSolverTests.xctest */,
				141AC826253C7005007BFB02 /* SudokuSolverUITests.xctest */,
			);
			name = Products;
			sourceTree = "<group>";
		};
		141AC80C253C7004007BFB02 /* SudokuSolver */ = {
			isa = PBXGroup;
			children = (
				146B04AE254088F5007EE77D /* Algorithm */,
				141AC80D253C7004007BFB02 /* SudokuSolverApp.swift */,
				141AC80F253C7004007BFB02 /* ContentView.swift */,
				141AC846253C9C9F007BFB02 /* SudokuRow.swift */,
				141AC83E253C99E0007BFB02 /* CellTextField.swift */,
				141AC811253C7005007BFB02 /* Assets.xcassets */,
				141AC816253C7005007BFB02 /* Info.plist */,
				141AC813253C7005007BFB02 /* Preview Content */,
			);
			path = SudokuSolver;
			sourceTree = "<group>";
		};
		141AC813253C7005007BFB02 /* Preview Content */ = {
			isa = PBXGroup;
			children = (
				141AC814253C7005007BFB02 /* Preview Assets.xcassets */,
			);
			path = "Preview Content";
			sourceTree = "<group>";
		};
		141AC81E253C7005007BFB02 /* SudokuSolverTests */ = {
			isa = PBXGroup;
			children = (
				141AC81F253C7005007BFB02 /* SudokuSolverTests.swift */,
				141AC821253C7005007BFB02 /* Info.plist */,
			);
			path = SudokuSolverTests;
			sourceTree = "<group>";
		};
		141AC829253C7005007BFB02 /* SudokuSolverUITests */ = {
			isa = PBXGroup;
			children = (
				141AC82A253C7005007BFB02 /* SudokuSolverUITests.swift */,
				141AC82C253C7005007BFB02 /* Info.plist */,
			);
			path = SudokuSolverUITests;
			sourceTree = "<group>";
		};
		146B04AE254088F5007EE77D /* Algorithm */ = {
			isa = PBXGroup;
			children = (
				146B04AF2540894C007EE77D /* SudokuSolverAlgorithm.swift */,
			);
			path = Algorithm;
			sourceTree = "<group>";
		};
/* End PBXGroup section */

/* Begin PBXNativeTarget section */
		141AC809253C7004007BFB02 /* SudokuSolver */ = {
			isa = PBXNativeTarget;
			buildConfigurationList = 141AC82F253C7005007BFB02 /* Build configuration list for PBXNativeTarget "SudokuSolver" */;
			buildPhases = (
				141AC806253C7004007BFB02 /* Sources */,
				141AC807253C7004007BFB02 /* Frameworks */,
				141AC808253C7004007BFB02 /* Resources */,
			);
			buildRules = (
			);
			dependencies = (
			);
			name = SudokuSolver;
			productName = SudokuSolver;
			productReference = 141AC80A253C7004007BFB02 /* SudokuSolver.app */;
			productType = "com.apple.product-type.application";
		};
		141AC81A253C7005007BFB02 /* SudokuSolverTests */ = {
			isa = PBXNativeTarget;
			buildConfigurationList = 141AC832253C7005007BFB02 /* Build configuration list for PBXNativeTarget "SudokuSolverTests" */;
			buildPhases = (
				141AC817253C7005007BFB02 /* Sources */,
				141AC818253C7005007BFB02 /* Frameworks */,
				141AC819253C7005007BFB02 /* Resources */,
			);
			buildRules = (
			);
			dependencies = (
				141AC81D253C7005007BFB02 /* PBXTargetDependency */,
			);
			name = SudokuSolverTests;
			productName = SudokuSolverTests;
			productReference = 141AC81B253C7005007BFB02 /* SudokuSolverTests.xctest */;
			productType = "com.apple.product-type.bundle.unit-test";
		};
		141AC825253C7005007BFB02 /* SudokuSolverUITests */ = {
			isa = PBXNativeTarget;
			buildConfigurationList = 141AC835253C7005007BFB02 /* Build configuration list for PBXNativeTarget "SudokuSolverUITests" */;
			buildPhases = (
				141AC822253C7005007BFB02 /* Sources */,
				141AC823253C7005007BFB02 /* Frameworks */,
				141AC824253C7005007BFB02 /* Resources */,
			);
			buildRules = (
			);
			dependencies = (
				141AC828253C7005007BFB02 /* PBXTargetDependency */,
			);
			name = SudokuSolverUITests;
			productName = SudokuSolverUITests;
			productReference = 141AC826253C7005007BFB02 /* SudokuSolverUITests.xctest */;
			productType = "com.apple.product-type.bundle.ui-testing";
		};
/* End PBXNativeTarget section */

/* Begin PBXProject section */
		141AC802253C7004007BFB02 /* Project object */ = {
			isa = PBXProject;
			attributes = {
				LastSwiftUpdateCheck = 1200;
				LastUpgradeCheck = 1200;
				TargetAttributes = {
					141AC809253C7004007BFB02 = {
						CreatedOnToolsVersion = 12.0.1;
					};
					141AC81A253C7005007BFB02 = {
						CreatedOnToolsVersion = 12.0.1;
						TestTargetID = 141AC809253C7004007BFB02;
					};
					141AC825253C7005007BFB02 = {
						CreatedOnToolsVersion = 12.0.1;
						TestTargetID = 141AC809253C7004007BFB02;
					};
				};
			};
			buildConfigurationList = 141AC805253C7004007BFB02 /* Build configuration list for PBXProject "SudokuSolver" */;
			compatibilityVersion = "Xcode 9.3";
			developmentRegion = en;
			hasScannedForEncodings = 0;
			knownRegions = (
				en,
				Base,
			);
			mainGroup = 141AC801253C7004007BFB02;
			productRefGroup = 141AC80B253C7004007BFB02 /* Products */;
			projectDirPath = "";
			projectRoot = "";
			targets = (
				141AC809253C7004007BFB02 /* SudokuSolver */,
				141AC81A253C7005007BFB02 /* SudokuSolverTests */,
				141AC825253C7005007BFB02 /* SudokuSolverUITests */,
			);
		};
/* End PBXProject section */

/* Begin PBXResourcesBuildPhase section */
		141AC808253C7004007BFB02 /* Resources */ = {
			isa = PBXResourcesBuildPhase;
			buildActionMask = 2147483647;
			files = (
				141AC815253C7005007BFB02 /* Preview Assets.xcassets in Resources */,
				141AC812253C7005007BFB02 /* Assets.xcassets in Resources */,
			);
			runOnlyForDeploymentPostprocessing = 0;
		};
		141AC819253C7005007BFB02 /* Resources */ = {
			isa = PBXResourcesBuildPhase;
			buildActionMask = 2147483647;
			files = (
			);
			runOnlyForDeploymentPostprocessing = 0;
		};
		141AC824253C7005007BFB02 /* Resources */ = {
			isa = PBXResourcesBuildPhase;
			buildActionMask = 2147483647;
			files = (
			);
			runOnlyForDeploymentPostprocessing = 0;
		};
/* End PBXResourcesBuildPhase section */

/* Begin PBXSourcesBuildPhase section */
		141AC806253C7004007BFB02 /* Sources */ = {
			isa = PBXSourcesBuildPhase;
			buildActionMask = 2147483647;
			files = (
				141AC810253C7004007BFB02 /* ContentView.swift in Sources */,
				141AC847253C9C9F007BFB02 /* SudokuRow.swift in Sources */,
				141AC80E253C7004007BFB02 /* SudokuSolverApp.swift in Sources */,
				141AC83F253C99E0007BFB02 /* CellTextField.swift in Sources */,
				146B04B02540894C007EE77D /* SudokuSolverAlgorithm.swift in Sources */,
			);
			runOnlyForDeploymentPostprocessing = 0;
		};
		141AC817253C7005007BFB02 /* Sources */ = {
			isa = PBXSourcesBuildPhase;
			buildActionMask = 2147483647;
			files = (
				141AC820253C7005007BFB02 /* SudokuSolverTests.swift in Sources */,
			);
			runOnlyForDeploymentPostprocessing = 0;
		};
		141AC822253C7005007BFB02 /* Sources */ = {
			isa = PBXSourcesBuildPhase;
			buildActionMask = 2147483647;
			files = (
				141AC82B253C7005007BFB02 /* SudokuSolverUITests.swift in Sources */,
			);
			runOnlyForDeploymentPostprocessing = 0;
		};
/* End PBXSourcesBuildPhase section */

/* Begin PBXTargetDependency section */
		141AC81D253C7005007BFB02 /* PBXTargetDependency */ = {
			isa = PBXTargetDependency;
			target = 141AC809253C7004007BFB02 /* SudokuSolver */;
			targetProxy = 141AC81C253C7005007BFB02 /* PBXContainerItemProxy */;
		};
		141AC828253C7005007BFB02 /* PBXTargetDependency */ = {
			isa = PBXTargetDependency;
			target = 141AC809253C7004007BFB02 /* SudokuSolver */;
			targetProxy = 141AC827253C7005007BFB02 /* PBXContainerItemProxy */;
		};
/* End PBXTargetDependency section */

/* Begin XCBuildConfiguration section */
		141AC82D253C7005007BFB02 /* Debug */ = {
			isa = XCBuildConfiguration;
			buildSettings = {
				ALWAYS_SEARCH_USER_PATHS = NO;
				CLANG_ANALYZER_NONNULL = YES;
				CLANG_ANALYZER_NUMBER_OBJECT_CONVERSION = YES_AGGRESSIVE;
				CLANG_CXX_LANGUAGE_STANDARD = "gnu++14";
				CLANG_CXX_LIBRARY = "libc++";
				CLANG_ENABLE_MODULES = YES;
				CLANG_ENABLE_OBJC_ARC = YES;
				CLANG_ENABLE_OBJC_WEAK = YES;
				CLANG_WARN_BLOCK_CAPTURE_AUTORELEASING = YES;
				CLANG_WARN_BOOL_CONVERSION = YES;
				CLANG_WARN_COMMA = YES;
				CLANG_WARN_CONSTANT_CONVERSION = YES;
				CLANG_WARN_DEPRECATED_OBJC_IMPLEMENTATIONS = YES;
				CLANG_WARN_DIRECT_OBJC_ISA_USAGE = YES_ERROR;
				CLANG_WARN_DOCUMENTATION_COMMENTS = YES;
				CLANG_WARN_EMPTY_BODY = YES;
				CLANG_WARN_ENUM_CONVERSION = YES;
				CLANG_WARN_INFINITE_RECURSION = YES;
				CLANG_WARN_INT_CONVERSION = YES;
				CLANG_WARN_NON_LITERAL_NULL_CONVERSION = YES;
				CLANG_WARN_OBJC_IMPLICIT_RETAIN_SELF = YES;
				CLANG_WARN_OBJC_LITERAL_CONVERSION = YES;
				CLANG_WARN_OBJC_ROOT_CLASS = YES_ERROR;
				CLANG_WARN_QUOTED_INCLUDE_IN_FRAMEWORK_HEADER = YES;
				CLANG_WARN_RANGE_LOOP_ANALYSIS = YES;
				CLANG_WARN_STRICT_PROTOTYPES = YES;
				CLANG_WARN_SUSPICIOUS_MOVE = YES;
				CLANG_WARN_UNGUARDED_AVAILABILITY = YES_AGGRESSIVE;
				CLANG_WARN_UNREACHABLE_CODE = YES;
				CLANG_WARN__DUPLICATE_METHOD_MATCH = YES;
				COPY_PHASE_STRIP = NO;
				DEBUG_INFORMATION_FORMAT = dwarf;
				ENABLE_STRICT_OBJC_MSGSEND = YES;
				ENABLE_TESTABILITY = YES;
				GCC_C_LANGUAGE_STANDARD = gnu11;
				GCC_DYNAMIC_NO_PIC = NO;
				GCC_NO_COMMON_BLOCKS = YES;
				GCC_OPTIMIZATION_LEVEL = 0;
				GCC_PREPROCESSOR_DEFINITIONS = (
					"DEBUG=1",
					"$(inherited)",
				);
				GCC_WARN_64_TO_32_BIT_CONVERSION = YES;
				GCC_WARN_ABOUT_RETURN_TYPE = YES_ERROR;
				GCC_WARN_UNDECLARED_SELECTOR = YES;
				GCC_WARN_UNINITIALIZED_AUTOS = YES_AGGRESSIVE;
				GCC_WARN_UNUSED_FUNCTION = YES;
				GCC_WARN_UNUSED_VARIABLE = YES;
				IPHONEOS_DEPLOYMENT_TARGET = 14.0;
				MTL_ENABLE_DEBUG_INFO = INCLUDE_SOURCE;
				MTL_FAST_MATH = YES;
				ONLY_ACTIVE_ARCH = YES;
				SDKROOT = iphoneos;
				SWIFT_ACTIVE_COMPILATION_CONDITIONS = DEBUG;
				SWIFT_OPTIMIZATION_LEVEL = "-Onone";
			};
			name = Debug;
		};
		141AC82E253C7005007BFB02 /* Release */ = {
			isa = XCBuildConfiguration;
			buildSettings = {
				ALWAYS_SEARCH_USER_PATHS = NO;
				CLANG_ANALYZER_NONNULL = YES;
				CLANG_ANALYZER_NUMBER_OBJECT_CONVERSION = YES_AGGRESSIVE;
				CLANG_CXX_LANGUAGE_STANDARD = "gnu++14";
				CLANG_CXX_LIBRARY = "libc++";
				CLANG_ENABLE_MODULES = YES;
				CLANG_ENABLE_OBJC_ARC = YES;
				CLANG_ENABLE_OBJC_WEAK = YES;
				CLANG_WARN_BLOCK_CAPTURE_AUTORELEASING = YES;
				CLANG_WARN_BOOL_CONVERSION = YES;
				CLANG_WARN_COMMA = YES;
				CLANG_WARN_CONSTANT_CONVERSION = YES;
				CLANG_WARN_DEPRECATED_OBJC_IMPLEMENTATIONS = YES;
				CLANG_WARN_DIRECT_OBJC_ISA_USAGE = YES_ERROR;
				CLANG_WARN_DOCUMENTATION_COMMENTS = YES;
				CLANG_WARN_EMPTY_BODY = YES;
				CLANG_WARN_ENUM_CONVERSION = YES;
				CLANG_WARN_INFINITE_RECURSION = YES;
				CLANG_WARN_INT_CONVERSION = YES;
				CLANG_WARN_NON_LITERAL_NULL_CONVERSION = YES;
				CLANG_WARN_OBJC_IMPLICIT_RETAIN_SELF = YES;
				CLANG_WARN_OBJC_LITERAL_CONVERSION = YES;
				CLANG_WARN_OBJC_ROOT_CLASS = YES_ERROR;
				CLANG_WARN_QUOTED_INCLUDE_IN_FRAMEWORK_HEADER = YES;
				CLANG_WARN_RANGE_LOOP_ANALYSIS = YES;
				CLANG_WARN_STRICT_PROTOTYPES = YES;
				CLANG_WARN_SUSPICIOUS_MOVE = YES;
				CLANG_WARN_UNGUARDED_AVAILABILITY = YES_AGGRESSIVE;
				CLANG_WARN_UNREACHABLE_CODE = YES;
				CLANG_WARN__DUPLICATE_METHOD_MATCH = YES;
				COPY_PHASE_STRIP = NO;
				DEBUG_INFORMATION_FORMAT = "dwarf-with-dsym";
				ENABLE_NS_ASSERTIONS = NO;
				ENABLE_STRICT_OBJC_MSGSEND = YES;
				GCC_C_LANGUAGE_STANDARD = gnu11;
				GCC_NO_COMMON_BLOCKS = YES;
				GCC_WARN_64_TO_32_BIT_CONVERSION = YES;
				GCC_WARN_ABOUT_RETURN_TYPE = YES_ERROR;
				GCC_WARN_UNDECLARED_SELECTOR = YES;
				GCC_WARN_UNINITIALIZED_AUTOS = YES_AGGRESSIVE;
				GCC_WARN_UNUSED_FUNCTION = YES;
				GCC_WARN_UNUSED_VARIABLE = YES;
				IPHONEOS_DEPLOYMENT_TARGET = 14.0;
				MTL_ENABLE_DEBUG_INFO = NO;
				MTL_FAST_MATH = YES;
				SDKROOT = iphoneos;
				SWIFT_COMPILATION_MODE = wholemodule;
				SWIFT_OPTIMIZATION_LEVEL = "-O";
				VALIDATE_PRODUCT = YES;
			};
			name = Release;
		};
		141AC830253C7005007BFB02 /* Debug */ = {
			isa = XCBuildConfiguration;
			buildSettings = {
				ASSETCATALOG_COMPILER_APPICON_NAME = AppIcon;
				ASSETCATALOG_COMPILER_GLOBAL_ACCENT_COLOR_NAME = AccentColor;
				CODE_SIGN_STYLE = Automatic;
				DEVELOPMENT_ASSET_PATHS = "\"SudokuSolver/Preview Content\"";
				ENABLE_PREVIEWS = YES;
				INFOPLIST_FILE = SudokuSolver/Info.plist;
				IPHONEOS_DEPLOYMENT_TARGET = 14.0;
				LD_RUNPATH_SEARCH_PATHS = (
					"$(inherited)",
					"@executable_path/Frameworks",
				);
				PRODUCT_BUNDLE_IDENTIFIER = tatabim.SudokuSolver;
				PRODUCT_NAME = "$(TARGET_NAME)";
				SWIFT_VERSION = 5.0;
				TARGETED_DEVICE_FAMILY = "1,2";
			};
			name = Debug;
		};
		141AC831253C7005007BFB02 /* Release */ = {
			isa = XCBuildConfiguration;
			buildSettings = {
				ASSETCATALOG_COMPILER_APPICON_NAME = AppIcon;
				ASSETCATALOG_COMPILER_GLOBAL_ACCENT_COLOR_NAME = AccentColor;
				CODE_SIGN_STYLE = Automatic;
				DEVELOPMENT_ASSET_PATHS = "\"SudokuSolver/Preview Content\"";
				ENABLE_PREVIEWS = YES;
				INFOPLIST_FILE = SudokuSolver/Info.plist;
				IPHONEOS_DEPLOYMENT_TARGET = 14.0;
				LD_RUNPATH_SEARCH_PATHS = (
					"$(inherited)",
					"@executable_path/Frameworks",
				);
				PRODUCT_BUNDLE_IDENTIFIER = tatabim.SudokuSolver;
				PRODUCT_NAME = "$(TARGET_NAME)";
				SWIFT_VERSION = 5.0;
				TARGETED_DEVICE_FAMILY = "1,2";
			};
			name = Release;
		};
		141AC833253C7005007BFB02 /* Debug */ = {
			isa = XCBuildConfiguration;
			buildSettings = {
				ALWAYS_EMBED_SWIFT_STANDARD_LIBRARIES = YES;
				BUNDLE_LOADER = "$(TEST_HOST)";
				CODE_SIGN_STYLE = Automatic;
				INFOPLIST_FILE = SudokuSolverTests/Info.plist;
				IPHONEOS_DEPLOYMENT_TARGET = 14.0;
				LD_RUNPATH_SEARCH_PATHS = (
					"$(inherited)",
					"@executable_path/Frameworks",
					"@loader_path/Frameworks",
				);
				PRODUCT_BUNDLE_IDENTIFIER = tatabim.SudokuSolverTests;
				PRODUCT_NAME = "$(TARGET_NAME)";
				SWIFT_VERSION = 5.0;
				TARGETED_DEVICE_FAMILY = "1,2";
				TEST_HOST = "$(BUILT_PRODUCTS_DIR)/SudokuSolver.app/SudokuSolver";
			};
			name = Debug;
		};
		141AC834253C7005007BFB02 /* Release */ = {
			isa = XCBuildConfiguration;
			buildSettings = {
				ALWAYS_EMBED_SWIFT_STANDARD_LIBRARIES = YES;
				BUNDLE_LOADER = "$(TEST_HOST)";
				CODE_SIGN_STYLE = Automatic;
				INFOPLIST_FILE = SudokuSolverTests/Info.plist;
				IPHONEOS_DEPLOYMENT_TARGET = 14.0;
				LD_RUNPATH_SEARCH_PATHS = (
					"$(inherited)",
					"@executable_path/Frameworks",
					"@loader_path/Frameworks",
				);
				PRODUCT_BUNDLE_IDENTIFIER = tatabim.SudokuSolverTests;
				PRODUCT_NAME = "$(TARGET_NAME)";
				SWIFT_VERSION = 5.0;
				TARGETED_DEVICE_FAMILY = "1,2";
				TEST_HOST = "$(BUILT_PRODUCTS_DIR)/SudokuSolver.app/SudokuSolver";
			};
			name = Release;
		};
		141AC836253C7005007BFB02 /* Debug */ = {
			isa = XCBuildConfiguration;
			buildSettings = {
				ALWAYS_EMBED_SWIFT_STANDARD_LIBRARIES = YES;
				CODE_SIGN_STYLE = Automatic;
				INFOPLIST_FILE = SudokuSolverUITests/Info.plist;
				LD_RUNPATH_SEARCH_PATHS = (
					"$(inherited)",
					"@executable_path/Frameworks",
					"@loader_path/Frameworks",
				);
				PRODUCT_BUNDLE_IDENTIFIER = tatabim.SudokuSolverUITests;
				PRODUCT_NAME = "$(TARGET_NAME)";
				SWIFT_VERSION = 5.0;
				TARGETED_DEVICE_FAMILY = "1,2";
				TEST_TARGET_NAME = SudokuSolver;
			};
			name = Debug;
		};
		141AC837253C7005007BFB02 /* Release */ = {
			isa = XCBuildConfiguration;
			buildSettings = {
				ALWAYS_EMBED_SWIFT_STANDARD_LIBRARIES = YES;
				CODE_SIGN_STYLE = Automatic;
				INFOPLIST_FILE = SudokuSolverUITests/Info.plist;
				LD_RUNPATH_SEARCH_PATHS = (
					"$(inherited)",
					"@executable_path/Frameworks",
					"@loader_path/Frameworks",
				);
				PRODUCT_BUNDLE_IDENTIFIER = tatabim.SudokuSolverUITests;
				PRODUCT_NAME = "$(TARGET_NAME)";
				SWIFT_VERSION = 5.0;
				TARGETED_DEVICE_FAMILY = "1,2";
				TEST_TARGET_NAME = SudokuSolver;
			};
			name = Release;
		};
/* End XCBuildConfiguration section */

/* Begin XCConfigurationList section */
		141AC805253C7004007BFB02 /* Build configuration list for PBXProject "SudokuSolver" */ = {
			isa = XCConfigurationList;
			buildConfigurations = (
				141AC82D253C7005007BFB02 /* Debug */,
				141AC82E253C7005007BFB02 /* Release */,
			);
			defaultConfigurationIsVisible = 0;
			defaultConfigurationName = Release;
		};
		141AC82F253C7005007BFB02 /* Build configuration list for PBXNativeTarget "SudokuSolver" */ = {
			isa = XCConfigurationList;
			buildConfigurations = (
				141AC830253C7005007BFB02 /* Debug */,
				141AC831253C7005007BFB02 /* Release */,
			);
			defaultConfigurationIsVisible = 0;
			defaultConfigurationName = Release;
		};
		141AC832253C7005007BFB02 /* Build configuration list for PBXNativeTarget "SudokuSolverTests" */ = {
			isa = XCConfigurationList;
			buildConfigurations = (
				141AC833253C7005007BFB02 /* Debug */,
				141AC834253C7005007BFB02 /* Release */,
			);
			defaultConfigurationIsVisible = 0;
			defaultConfigurationName = Release;
		};
		141AC835253C7005007BFB02 /* Build configuration list for PBXNativeTarget "SudokuSolverUITests" */ = {
			isa = XCConfigurationList;
			buildConfigurations = (
				141AC836253C7005007BFB02 /* Debug */,
				141AC837253C7005007BFB02 /* Release */,
			);
			defaultConfigurationIsVisible = 0;
			defaultConfigurationName = Release;
		};
/* End XCConfigurationList section */
	};
	rootObject = 141AC802253C7004007BFB02 /* Project object */;
}
